# THIS IS AN AUTOGENERATED FILE. DO NOT EDIT THIS FILE DIRECTLY.
# yarn lockfile v1


async-limiter@~1.0.0:
  version "1.0.0"
  resolved "https://registry.npmjs.org/async-limiter/-/async-limiter-1.0.0.tgz#78faed8c3d074ab81f22b4e985d79e8738f720f8"
  integrity sha512-jp/uFnooOiO+L211eZOoSyzpOITMXx1rBITauYykG3BRYPu8h0UcxsPNB04RR5vo4Tyz3+ay17tR6JVf9qzYWg==

base-64@0.1.0:
  version "0.1.0"
  resolved "https://registry.npmjs.org/base-64/-/base-64-0.1.0.tgz#780a99c84e7d600260361511c4877613bf24f6bb"
  integrity sha1-eAqZyE59YAJgNhURxId2E78k9rs=

clone@2.1.1:
  version "2.1.1"
  resolved "https://registry.npmjs.org/clone/-/clone-2.1.1.tgz#d217d1e961118e3ac9a4b8bba3285553bf647cdb"
  integrity sha1-0hfR6WERjjrJpLi7oyhVU79kfNs=

component-emitter@1.2.1:
  version "1.2.1"
  resolved "https://registry.npmjs.org/component-emitter/-/component-emitter-1.2.1.tgz#137918d6d78283f7df7a6b7c5a63e140e69425e6"
  integrity sha1-E3kY1teCg/ffemt8WmPhQOaUJeY=

discord.js@^11.4.2:
  version "11.4.2"
  resolved "https://registry.npmjs.org/discord.js/-/discord.js-11.4.2.tgz#54586981926521572051f2a30b984aad2b49786e"
  integrity sha512-MDwpu0lMFTjqomijDl1Ed9miMQe6kB4ifKdP28QZllmLv/HVOJXhatRgjS8urp/wBlOfx+qAYSXcdI5cKGYsfg==
  dependencies:
    long "^4.0.0"
    prism-media "^0.0.3"
    snekfetch "^3.6.4"
    tweetnacl "^1.0.0"
    ws "^4.0.0"

get-params@^0.1.2:
  version "0.1.2"
  resolved "https://registry.npmjs.org/get-params/-/get-params-0.1.2.tgz#bae0dfaba588a0c60d7834c0d8dc2ff60eeef2fe"
  integrity sha1-uuDfq6WIoMYNeDTA2Nwv9g7u8v4=

"js-tokens@^3.0.0 || ^4.0.0":
  version "4.0.0"
  resolved "https://registry.npmjs.org/js-tokens/-/js-tokens-4.0.0.tgz#19203fb59991df98e3a287050d4647cdeaf32499"
  integrity sha512-RdJUflcE3cUzKiMqQgsCu06FPu9UdIJO0beYbPhHN4k6apgJtifcoCtT9bcxOpYBtpD2kCM6Sbzg4CausW/PKQ==

jsan@^3.1.5, jsan@^3.1.9:
  version "3.1.10"
  resolved "https://registry.npmjs.org/jsan/-/jsan-3.1.10.tgz#ba9917b864defff567e0c990a34ae7a8d5eb1d90"
  integrity sha512-Rpme/mJFG3BlIM8/9L+0qAIGccx6dyYEODdkZUHYKyJI3NIl6d13buXa7aE3lO1kZAGMalG0/6QzalXdDdUc4g==

linked-list@0.1.0:
  version "0.1.0"
  resolved "https://registry.npmjs.org/linked-list/-/linked-list-0.1.0.tgz#798b0ff97d1b92a4fd08480f55aea4e9d49d37bf"
  integrity sha1-eYsP+X0bkqT9CEgPVa6k6dSdN78=

lodash@^4.0.0, lodash@^4.2.0:
  version "4.17.11"
  resolved "https://registry.npmjs.org/lodash/-/lodash-4.17.11.tgz#b39ea6229ef607ecd89e2c8df12536891cac9b8d"
  integrity sha512-cQKh8igo5QUhZ7lg38DYWAxMvjSAKG0A8wGSVimP07SIUEK2UO+arSRKbRZWtelMtN5V0Hkwh5ryOto/SshYIg==

long@^4.0.0:
  version "4.0.0"
  resolved "https://registry.npmjs.org/long/-/long-4.0.0.tgz#9a7b71cfb7d361a194ea555241c92f7468d5bf28"
  integrity sha512-XsP+KhQif4bjX1kbuSiySJFNAehNxgLb6hPRGJ9QsUr8ajHkuXGdrHmFUTUUXhDwVX2R5bY4JNZEwbUiMhV+MA==

loose-envify@^1.4.0:
  version "1.4.0"
  resolved "https://registry.npmjs.org/loose-envify/-/loose-envify-1.4.0.tgz#71ee51fa7be4caec1a63839f7e682d8132d30caf"
  integrity sha512-lyuxPGr/Wfhrlem2CL/UcnUc1zcqKAImBDzukY7Y5F/yQiNdko6+fRLevlw1HgMySw7f611UIY408EtxRSoK3Q==
  dependencies:
    js-tokens "^3.0.0 || ^4.0.0"

nanoid@^1.0.7:
  version "1.3.1"
  resolved "https://registry.npmjs.org/nanoid/-/nanoid-1.3.1.tgz#4538e1a02822b131da198d8eb17c9e3b3ac5167f"
  integrity sha512-wSBw7t+JVjQAY8q89BhrTaBTMdoPGbZP8qQqidQHL76oeaFJ9i+c6SKKHP2l/DmzLP43eeV6JkM3f5Mb6saH8Q==

prism-media@^0.0.3:
  version "0.0.3"
  resolved "https://registry.npmjs.org/prism-media/-/prism-media-0.0.3.tgz#8842d4fae804f099d3b48a9a38e3c2bab6f4855b"
  integrity sha512-c9KkNifSMU/iXT8FFTaBwBMr+rdVcN+H/uNv1o+CuFeTThNZNTOrQ+RgXA1yL/DeLk098duAeRPP3QNPNbhxYQ==

querystring@0.2.0, querystring@^0.2.0:
  version "0.2.0"
  resolved "https://registry.npmjs.org/querystring/-/querystring-0.2.0.tgz#b209849203bb25df820da756e747005878521620"
  integrity sha1-sgmEkgO7Jd+CDadW50cAWHhSFiA=

redux-devtools-instrument@^1.9.0:
  version "1.9.0"
  resolved "https://registry.npmjs.org/redux-devtools-instrument/-/redux-devtools-instrument-1.9.0.tgz#2faed9ac3292c783284b21843edfaa0567764a0c"
  integrity sha512-pLFQoja1ojpsSRTWbC9yyc/a+z8uwOD7FPKLp+Abs7qjsah6khA5o8HBE2wa0VipE5vniYINdkNyxV/2iWADKg==
  dependencies:
    lodash "^4.2.0"
    symbol-observable "^1.0.2"

redux@^4.0.1:
  version "4.0.1"
  resolved "https://registry.npmjs.org/redux/-/redux-4.0.1.tgz#436cae6cc40fbe4727689d7c8fae44808f1bfef5"
  integrity sha512-R7bAtSkk7nY6O/OYMVR9RiBI+XghjF9rlbl5806HJbQph0LJVHZrU5oaO4q70eUKiqMRqm4y07KLTlMZ2BlVmg==
  dependencies:
    loose-envify "^1.4.0"
    symbol-observable "^1.2.0"

remote-redux-devtools@^0.5.13:
  version "0.5.13"
  resolved "https://registry.npmjs.org/remote-redux-devtools/-/remote-redux-devtools-0.5.13.tgz#6bcb1ecfbb0a9c3e75f477882a04d2f197f81e2c"
  integrity sha512-daDtwkoUEQ9qw4ciFEu0JZzB2NxKHSBrdVSRvrhi9wbwLI4ADiIctsXvkIOwrj0hxcSjDSOzp1WLlv7AJYp++g==
  dependencies:
    jsan "^3.1.5"
    querystring "^0.2.0"
    redux-devtools-instrument "^1.9.0"
    remotedev-utils "^0.1.1"
    rn-host-detect "^1.0.1"
    socketcluster-client "^13.0.0"

remotedev-serialize@^0.1.0:
  version "0.1.1"
  resolved "https://registry.npmjs.org/remotedev-serialize/-/remotedev-serialize-0.1.1.tgz#0f598000b7dd7515d67f9b51a61d211e18ce9554"
  integrity sha1-D1mAALfddRXWf5tRph0hHhjOlVQ=
  dependencies:
    jsan "^3.1.9"

remotedev-utils@^0.1.1:
  version "0.1.4"
  resolved "https://registry.npmjs.org/remotedev-utils/-/remotedev-utils-0.1.4.tgz#643700819a943678073c75eb185e81d96620b348"
  integrity sha1-ZDcAgZqUNngHPHXrGF6B2WYgs0g=
  dependencies:
    get-params "^0.1.2"
    jsan "^3.1.5"
    lodash "^4.0.0"
    remotedev-serialize "^0.1.0"
    shortid "^2.2.6"

rn-host-detect@^1.0.1:
  version "1.1.5"
  resolved "https://registry.npmjs.org/rn-host-detect/-/rn-host-detect-1.1.5.tgz#fbecb982b73932f34529e97932b9a63e58d8deb6"
  integrity sha512-ufk2dFT3QeP9HyZ/xTuMtW27KnFy815CYitJMqQm+pgG3ZAtHBsrU8nXizNKkqXGy3bQmhEoloVbrfbvMJMqkg==

safe-buffer@~5.1.0:
  version "5.1.2"
  resolved "https://registry.npmjs.org/safe-buffer/-/safe-buffer-5.1.2.tgz#991ec69d296e0313747d59bdfd2b745c35f8828d"
  integrity sha512-Gd2UZBJDkXlY7GbJxfsE8/nvKkUEU1G38c1siN6QP6a9PT9MmHB8GnpscSmMJSoF8LOIrt8ud/wPtojys4G6+g==

sc-channel@^1.2.0:
  version "1.2.0"
  resolved "https://registry.npmjs.org/sc-channel/-/sc-channel-1.2.0.tgz#d9209f3a91e3fa694c66b011ce55c4ad8c3087d9"
  integrity sha512-M3gdq8PlKg0zWJSisWqAsMmTVxYRTpVRqw4CWAdKBgAfVKumFcTjoCV0hYu7lgUXccCtCD8Wk9VkkE+IXCxmZA==
  dependencies:
    component-emitter "1.2.1"

sc-errors@^1.4.0:
  version "1.4.1"
  resolved "https://registry.npmjs.org/sc-errors/-/sc-errors-1.4.1.tgz#53e80030fe647e133d73b51eaa7d2b0f7591fd5b"
  integrity sha512-dBn92iIonpChTxYLgKkIT/PCApvmYT6EPIbRvbQKTgY6tbEbIy8XVUv4pGyKwEK4nCmvX4TKXcN0iXC6tNW6rQ==

sc-formatter@^3.0.1:
  version "3.0.2"
  resolved "https://registry.npmjs.org/sc-formatter/-/sc-formatter-3.0.2.tgz#9abdb14e71873ce7157714d3002477bbdb33c4e6"
  integrity sha512-9PbqYBpCq+OoEeRQ3QfFIGE6qwjjBcd2j7UjgDlhnZbtSnuGgHdcRklPKYGuYFH82V/dwd+AIpu8XvA1zqTd+A==

shortid@^2.2.6:
  version "2.2.13"
  resolved "https://registry.npmjs.org/shortid/-/shortid-2.2.13.tgz#b2441e71c664ace458a341d343959f677910ef5b"
  integrity sha512-dBuNnQGKrJNfjunmXI2X7bl1gnMO4PwbNxrTzO1JvilODmL7WyyCtA+DYxe9XunLXmxmgzFIvKPQ6XRAQrr46Q==
  dependencies:
    nanoid "^1.0.7"

snekfetch@^3.6.4:
  version "3.6.4"
  resolved "https://registry.npmjs.org/snekfetch/-/snekfetch-3.6.4.tgz#d13e80a616d892f3d38daae4289f4d258a645120"
  integrity sha512-NjxjITIj04Ffqid5lqr7XdgwM7X61c/Dns073Ly170bPQHLm6jkmelye/eglS++1nfTWktpP6Y2bFXjdPlQqdw==

socketcluster-client@^13.0.0:
  version "13.0.1"
  resolved "https://registry.npmjs.org/socketcluster-client/-/socketcluster-client-13.0.1.tgz#920e0a2437c228555e84f8ef0c9c5eb720e6067e"
  integrity sha512-hxiE2xz6mgaBlhXbtBa4POgWVEvIcjCoHzf5LTUVhI9IL8V2ltV3Ze8pQsi9egqTjSz4RHPfyrJ7BiETe5Kthw==
  dependencies:
    base-64 "0.1.0"
    clone "2.1.1"
    component-emitter "1.2.1"
    linked-list "0.1.0"
    querystring "0.2.0"
    sc-channel "^1.2.0"
    sc-errors "^1.4.0"
    sc-formatter "^3.0.1"
    uuid "3.2.1"
    ws "5.1.1"

symbol-observable@^1.0.2, symbol-observable@^1.2.0:
  version "1.2.0"
  resolved "https://registry.npmjs.org/symbol-observable/-/symbol-observable-1.2.0.tgz#c22688aed4eab3cdc2dfeacbb561660560a00804"
  integrity sha512-e900nM8RRtGhlV36KGEU9k65K3mPb1WV70OdjfxlG2EAuM1noi/E/BaW/uMhL7bPEssK8QV57vN3esixjUvcXQ==

tweetnacl@^1.0.0:
  version "1.0.0"
  resolved "https://registry.npmjs.org/tweetnacl/-/tweetnacl-1.0.0.tgz#713d8b818da42068740bf68386d0479e66fc8a7b"
  integrity sha1-cT2LgY2kIGh0C/aDhtBHnmb8ins=

uuid@3.2.1:
  version "3.2.1"
  resolved "https://registry.npmjs.org/uuid/-/uuid-3.2.1.tgz#12c528bb9d58d0b9265d9a2f6f0fe8be17ff1f14"
  integrity sha512-jZnMwlb9Iku/O3smGWvZhauCf6cvvpKi4BKRiliS3cxnI+Gz9j5MEpTz2UFuXiKPJocb7gnsLHwiS05ige5BEA==

ws@5.1.1:
  version "5.1.1"
  resolved "http://registry.npmjs.org/ws/-/ws-5.1.1.tgz#1d43704689711ac1942fd2f283e38f825c4b8b95"
  integrity sha512-bOusvpCb09TOBLbpMKszd45WKC2KPtxiyiHanv+H2DE3Az+1db5a/L7sVJZVDPUC1Br8f0SKRr1KjLpD1U/IAw==
  dependencies:
    async-limiter "~1.0.0"

ws@^4.0.0:
  version "4.1.0"
  resolved "http://registry.npmjs.org/ws/-/ws-4.1.0.tgz#a979b5d7d4da68bf54efe0408967c324869a7289"
  integrity sha512-ZGh/8kF9rrRNffkLFV4AzhvooEclrOH0xaugmqGsIfFgOE/pIz4fMc4Ef+5HSQqTEug2S9JZIWDR47duDSLfaA==
  dependencies:
    async-limiter "~1.0.0"
    safe-buffer "~5.1.0"
